
Microsoft Visual Studio Solution File, Format Version 12.00
Project("{FAE04EC0-301F-11D3-BF4B-00C04F79EFBC}") = "LeetCode1", "LeetCode1\LeetCode1.csproj", "{7F5EC1C8-48A1-48CF-AB73-0A2BBBA5262A}"
EndProject
Global
	GlobalSection(SolutionConfigurationPlatforms) = preSolution
		Debug|Any CPU = Debug|Any CPU
		Release|Any CPU = Release|Any CPU
	EndGlobalSection
	GlobalSection(ProjectConfigurationPlatforms) = postSolution
		{7F5EC1C8-48A1-48CF-AB73-0A2BBBA5262A}.Debug|Any CPU.ActiveCfg = Debug|Any CPU
		{7F5EC1C8-48A1-48CF-AB73-0A2BBBA5262A}.Debug|Any CPU.Build.0 = Debug|Any CPU
		{7F5EC1C8-48A1-48CF-AB73-0A2BBBA5262A}.Release|Any CPU.ActiveCfg = Release|Any CPU
		{7F5EC1C8-48A1-48CF-AB73-0A2BBBA5262A}.Release|Any CPU.Build.0 = Release|Any CPU
	EndGlobalSection
EndGlobal
